# THIS IS AN AUTOGENERATED FILE. DO NOT EDIT THIS FILE DIRECTLY.
# yarn lockfile v1
"@mattinsler/app-context-create-connections":
  version "0.0.1"
  resolved "https://registry.yarnpkg.com/@mattinsler/app-context-create-connections/-/app-context-create-connections-0.0.1.tgz#eaf1674a038051a89859b088875eaa91dc8fad2c"
  dependencies:
    bluebird "2.9.34"

bluebird@2.9.34:
  version "2.9.34"
  resolved "https://registry.yarnpkg.com/bluebird/-/bluebird-2.9.34.tgz#2f7b4ec80216328a9fddebdf69c8d4942feff7d8"

